
Microsoft Visual Studio Solution File, Format Version 12.00
# Visual Studio Version 16
VisualStudioVersion = 16.0.32413.511
MinimumVisualStudioVersion = 10.0.40219.1
Project("{FAE04EC0-301F-11D3-BF4B-00C04F79EFBC}") = "CourseWork", "CourseWork\CourseWork.csproj", "{046C6AAC-6BB4-45B4-B3A1-A69BF070DD9E}"
EndProject
Global
	GlobalSection(SolutionConfigurationPlatforms) = preSolution
		Debug|Any CPU = Debug|Any CPU
		Release|Any CPU = Release|Any CPU
	EndGlobalSection
	GlobalSection(ProjectConfigurationPlatforms) = postSolution
		{046C6AAC-6BB4-45B4-B3A1-A69BF070DD9E}.Debug|Any CPU.ActiveCfg = Debug|Any CPU
		{046C6AAC-6BB4-45B4-B3A1-A69BF070DD9E}.Debug|Any CPU.Build.0 = Debug|Any CPU
		{046C6AAC-6BB4-45B4-B3A1-A69BF070DD9E}.Release|Any CPU.ActiveCfg = Release|Any CPU
		{046C6AAC-6BB4-45B4-B3A1-A69BF070DD9E}.Release|Any CPU.Build.0 = Release|Any CPU
	EndGlobalSection
	GlobalSection(SolutionProperties) = preSolution
		HideSolutionNode = FALSE
	EndGlobalSection
	GlobalSection(ExtensibilityGlobals) = postSolution
		SolutionGuid = {2569C1FB-F736-497C-AB69-F1F289560961}
	EndGlobalSection
EndGlobal
